// !$*UTF8*$!
{
	archiveVersion = 1;
	classes = {
	};
	objectVersion = 46;
	objects = {

/* Begin PBXBuildFile section */
		1357AE667698F9ABDB2DD42E /* Cores in Resources */ = {isa = PBXBuildFile; fileRef = F93D93D62EBC6801B1E13BBB /* Cores */; };
		2FC1C04BE931D3D05FC8081F /* EmulatorCore.swift in Sources */ = {isa = PBXBuildFile; fileRef = 0EF59C7B66EB49F0682A927C /* EmulatorCore.swift */; };
		60EE42C57C9E2F57B9B7A5CA /* ROMManager.swift in Sources */ = {isa = PBXBuildFile; fileRef = AD27D79B9EF70C67AA7FCD53 /* ROMManager.swift */; };
		6614530BFCD7D9E37C3DD8DB /* flycast_libretro_ios.core in Resources */ = {isa = PBXBuildFile; fileRef = 62E6904CFABBB3A12CA68890 /* flycast_libretro_ios.core */; };
		6BE06255272D01C8C52B29C1 /* EmulatorView.swift in Sources */ = {isa = PBXBuildFile; fileRef = A58710B675B0A9888BBBE820 /* EmulatorView.swift */; };
		A28277470883547D650E6D71 /* AetherXApp.swift in Sources */ = {isa = PBXBuildFile; fileRef = C0E0C589E05CDA2760229B9A /* AetherXApp.swift */; };
		A533FC3462F2F1A0DA83AFDC /* ConsoleLogger.swift in Sources */ = {isa = PBXBuildFile; fileRef = 0FEC3FA794F7421ED5CFE270 /* ConsoleLogger.swift */; };
		E5A55E6D3F0A7C08516EEF72 /* Glassmorphism.swift in Sources */ = {isa = PBXBuildFile; fileRef = 1EA2A6012CFC08D1ABE102CC /* Glassmorphism.swift */; };
		F6E21FCA8C63FF43638736D4 /* libretro_bridge.c in Sources */ = {isa = PBXBuildFile; fileRef = E6DC297718B5F174C3D526DE /* libretro_bridge.c */; };
		F6E99E22C23F20A0FC239512 /* Foundation.framework in Frameworks */ = {isa = PBXBuildFile; fileRef = 8645498FE91C6E374D6170FA /* Foundation.framework */; };
		FCAFC9163F44F4E3368CFFAE /* ContentView.swift in Sources */ = {isa = PBXBuildFile; fileRef = E5653753F599FF37B214CFEB /* ContentView.swift */; };
/* End PBXBuildFile section */

/* Begin PBXFileReference section */
		0EF59C7B66EB49F0682A927C /* EmulatorCore.swift */ = {isa = PBXFileReference; includeInIndex = 1; lastKnownFileType = sourcecode.swift; path = EmulatorCore.swift; sourceTree = "<group>"; };
		0FEC3FA794F7421ED5CFE270 /* ConsoleLogger.swift */ = {isa = PBXFileReference; includeInIndex = 1; lastKnownFileType = sourcecode.swift; path = ConsoleLogger.swift; sourceTree = "<group>"; };
		13E0C1B77B36A4370E6BE115 /* libretro_bridge.h */ = {isa = PBXFileReference; includeInIndex = 1; lastKnownFileType = sourcecode.c.h; path = libretro_bridge.h; sourceTree = "<group>"; };
		1EA2A6012CFC08D1ABE102CC /* Glassmorphism.swift */ = {isa = PBXFileReference; includeInIndex = 1; lastKnownFileType = sourcecode.swift; path = Glassmorphism.swift; sourceTree = "<group>"; };
		62E6904CFABBB3A12CA68890 /* flycast_libretro_ios.core */ = {isa = PBXFileReference; includeInIndex = 1; name = flycast_libretro_ios.core; path = Cores/flycast_libretro_ios.core; sourceTree = "<group>"; };
		777EA85EC2BA5866D07C04C5 /* AetherX-Bridging-Header.h */ = {isa = PBXFileReference; includeInIndex = 1; lastKnownFileType = sourcecode.c.h; path = "AetherX-Bridging-Header.h"; sourceTree = "<group>"; };
		85E430DE8B0BDD2E4AF84315 /* Info.plist */ = {isa = PBXFileReference; includeInIndex = 1; lastKnownFileType = text.plist.xml; path = Info.plist; sourceTree = "<group>"; };
		8645498FE91C6E374D6170FA /* Foundation.framework */ = {isa = PBXFileReference; lastKnownFileType = wrapper.framework; name = Foundation.framework; path = Platforms/iPhoneOS.platform/Developer/SDKs/iPhoneOS26.0.sdk/System/Library/Frameworks/Foundation.framework; sourceTree = DEVELOPER_DIR; };
		9C41D540EAAF22CEF6C7F9BE /* AetherX.app */ = {isa = PBXFileReference; explicitFileType = wrapper.application; includeInIndex = 0; path = AetherX.app; sourceTree = BUILT_PRODUCTS_DIR; };
		A58710B675B0A9888BBBE820 /* EmulatorView.swift */ = {isa = PBXFileReference; includeInIndex = 1; lastKnownFileType = sourcecode.swift; path = EmulatorView.swift; sourceTree = "<group>"; };
		AD27D79B9EF70C67AA7FCD53 /* ROMManager.swift */ = {isa = PBXFileReference; includeInIndex = 1; lastKnownFileType = sourcecode.swift; path = ROMManager.swift; sourceTree = "<group>"; };
		C0E0C589E05CDA2760229B9A /* AetherXApp.swift */ = {isa = PBXFileReference; includeInIndex = 1; lastKnownFileType = sourcecode.swift; path = AetherXApp.swift; sourceTree = "<group>"; };
		E5653753F599FF37B214CFEB /* ContentView.swift */ = {isa = PBXFileReference; includeInIndex = 1; lastKnownFileType = sourcecode.swift; path = ContentView.swift; sourceTree = "<group>"; };
		E6DC297718B5F174C3D526DE /* libretro_bridge.c */ = {isa = PBXFileReference; includeInIndex = 1; lastKnownFileType = sourcecode.c.c; path = libretro_bridge.c; sourceTree = "<group>"; };
		F93D93D62EBC6801B1E13BBB /* Cores */ = {isa = PBXFileReference; includeInIndex = 1; lastKnownFileType = folder; name = Cores; path = ../Cores; sourceTree = "<group>"; };
/* End PBXFileReference section */

/* Begin PBXFrameworksBuildPhase section */
		7A700C3FD14673AEDA9EFBE4 /* Frameworks */ = {
			isa = PBXFrameworksBuildPhase;
			buildActionMask = 2147483647;
			files = (
				F6E99E22C23F20A0FC239512 /* Foundation.framework in Frameworks */,
			);
			runOnlyForDeploymentPostprocessing = 0;
		};
/* End PBXFrameworksBuildPhase section */

/* Begin PBXGroup section */
		03662450776A2FFFA9AD74BE /* Frameworks */ = {
			isa = PBXGroup;
			children = (
				3ACDBE8F4962A28D53029EE6 /* iOS */,
			);
			name = Frameworks;
			sourceTree = "<group>";
		};
		23E3DF34C15012021B14456F /* Cores */ = {
			isa = PBXGroup;
			children = (
				62E6904CFABBB3A12CA68890 /* flycast_libretro_ios.core */,
			);
			name = Cores;
			sourceTree = "<group>";
		};
		3ACDBE8F4962A28D53029EE6 /* iOS */ = {
			isa = PBXGroup;
			children = (
				8645498FE91C6E374D6170FA /* Foundation.framework */,
			);
			name = iOS;
			sourceTree = "<group>";
		};
		47DCFB9BD6373B8645FAF6C5 /* AetherX */ = {
			isa = PBXGroup;
			children = (
				C0E0C589E05CDA2760229B9A /* AetherXApp.swift */,
				E5653753F599FF37B214CFEB /* ContentView.swift */,
				85E430DE8B0BDD2E4AF84315 /* Info.plist */,
				70DDDDE26AAAE849B51E9627 /* LibretroBridge */,
				777EA85EC2BA5866D07C04C5 /* AetherX-Bridging-Header.h */,
				1EA2A6012CFC08D1ABE102CC /* Glassmorphism.swift */,
				A58710B675B0A9888BBBE820 /* EmulatorView.swift */,
				AD27D79B9EF70C67AA7FCD53 /* ROMManager.swift */,
				F93D93D62EBC6801B1E13BBB /* Cores */,
				0EF59C7B66EB49F0682A927C /* EmulatorCore.swift */,
				0FEC3FA794F7421ED5CFE270 /* ConsoleLogger.swift */,
			);
			path = AetherX;
			sourceTree = "<group>";
		};
		70DDDDE26AAAE849B51E9627 /* LibretroBridge */ = {
			isa = PBXGroup;
			children = (
				E6DC297718B5F174C3D526DE /* libretro_bridge.c */,
				13E0C1B77B36A4370E6BE115 /* libretro_bridge.h */,
			);
			path = LibretroBridge;
			sourceTree = "<group>";
		};
		A6D1107A1AA5EBC947291AA0 /* Products */ = {
			isa = PBXGroup;
			children = (
				9C41D540EAAF22CEF6C7F9BE /* AetherX.app */,
			);
			name = Products;
			sourceTree = "<group>";
		};
		F2C41329D87D4F593F14C868 = {
			isa = PBXGroup;
			children = (
				A6D1107A1AA5EBC947291AA0 /* Products */,
				03662450776A2FFFA9AD74BE /* Frameworks */,
				47DCFB9BD6373B8645FAF6C5 /* AetherX */,
				23E3DF34C15012021B14456F /* Cores */,
			);
			sourceTree = "<group>";
		};
/* End PBXGroup section */

/* Begin PBXNativeTarget section */
		F707BD872DFF994B6ABF84BE /* AetherX */ = {
			isa = PBXNativeTarget;
			buildConfigurationList = DEA52ED8CBC9B4F3CAA5DD5E /* Build configuration list for PBXNativeTarget "AetherX" */;
			buildPhases = (
				F41FC37EAD0F88504B21BC5B /* Sources */,
				7A700C3FD14673AEDA9EFBE4 /* Frameworks */,
				03A4F620371710FED6E0ACA4 /* Resources */,
				BA579BF17FF698DAD65B423C /* Sign Cores */,
			);
			buildRules = (
			);
			dependencies = (
			);
			name = AetherX;
			productName = AetherX;
			productReference = 9C41D540EAAF22CEF6C7F9BE /* AetherX.app */;
			productType = "com.apple.product-type.application";
		};
/* End PBXNativeTarget section */

/* Begin PBXProject section */
		A5D833FA12C3D06757FF580A /* Project object */ = {
			isa = PBXProject;
			attributes = {
				LastSwiftUpdateCheck = 1600;
				LastUpgradeCheck = 1600;
				TargetAttributes = {
					F707BD872DFF994B6ABF84BE = {
						DevelopmentTeam = 3Q7T5UM73P;
						ProvisioningStyle = Automatic;
					};
				};
			};
			buildConfigurationList = F1D768939A706401CEDF7A47 /* Build configuration list for PBXProject "AetherX" */;
			compatibilityVersion = "Xcode 3.2";
			developmentRegion = en;
			hasScannedForEncodings = 0;
			knownRegions = (
				en,
				Base,
			);
			mainGroup = F2C41329D87D4F593F14C868;
			productRefGroup = A6D1107A1AA5EBC947291AA0 /* Products */;
			projectDirPath = "";
			projectRoot = "";
			targets = (
				F707BD872DFF994B6ABF84BE /* AetherX */,
			);
		};
/* End PBXProject section */

/* Begin PBXResourcesBuildPhase section */
		03A4F620371710FED6E0ACA4 /* Resources */ = {
			isa = PBXResourcesBuildPhase;
			buildActionMask = 2147483647;
			files = (
				1357AE667698F9ABDB2DD42E /* Cores in Resources */,
				6614530BFCD7D9E37C3DD8DB /* flycast_libretro_ios.core in Resources */,
			);
			runOnlyForDeploymentPostprocessing = 0;
		};
/* End PBXResourcesBuildPhase section */

/* Begin PBXShellScriptBuildPhase section */
		BA579BF17FF698DAD65B423C /* Sign Cores */ = {
			isa = PBXShellScriptBuildPhase;
			buildActionMask = 2147483647;
			files = (
			);
			inputFileListPaths = (
			);
			inputPaths = (
			);
			name = "Sign Cores";
			outputFileListPaths = (
			);
			outputPaths = (
			);
			runOnlyForDeploymentPostprocessing = 0;
			shellPath = /bin/sh;
			shellScript = "if [ -n \"${EXPANDED_CODE_SIGN_IDENTITY}\" ]; then\n    echo \"Signing core files with ${EXPANDED_CODE_SIGN_IDENTITY}\"\n    find \"${TARGET_BUILD_DIR}/${UNLOCALIZED_RESOURCES_FOLDER_PATH}/Cores\" -name \"*.core\" -exec codesign --force --sign \"${EXPANDED_CODE_SIGN_IDENTITY}\" {} \\;\nfi\n";
		};
/* End PBXShellScriptBuildPhase section */

/* Begin PBXSourcesBuildPhase section */
		F41FC37EAD0F88504B21BC5B /* Sources */ = {
			isa = PBXSourcesBuildPhase;
			buildActionMask = 2147483647;
			files = (
				A28277470883547D650E6D71 /* AetherXApp.swift in Sources */,
				FCAFC9163F44F4E3368CFFAE /* ContentView.swift in Sources */,
				F6E21FCA8C63FF43638736D4 /* libretro_bridge.c in Sources */,
				E5A55E6D3F0A7C08516EEF72 /* Glassmorphism.swift in Sources */,
				6BE06255272D01C8C52B29C1 /* EmulatorView.swift in Sources */,
				60EE42C57C9E2F57B9B7A5CA /* ROMManager.swift in Sources */,
				2FC1C04BE931D3D05FC8081F /* EmulatorCore.swift in Sources */,
				A533FC3462F2F1A0DA83AFDC /* ConsoleLogger.swift in Sources */,
			);
			runOnlyForDeploymentPostprocessing = 0;
		};
/* End PBXSourcesBuildPhase section */

/* Begin XCBuildConfiguration section */
		078E6695543E976E9549F8FF /* Debug */ = {
			isa = XCBuildConfiguration;
			buildSettings = {
				ALWAYS_SEARCH_USER_PATHS = NO;
				CLANG_ANALYZER_NONNULL = YES;
				CLANG_ANALYZER_NUMBER_OBJECT_CONVERSION = YES_AGGRESSIVE;
				CLANG_CXX_LANGUAGE_STANDARD = "gnu++14";
				CLANG_CXX_LIBRARY = "libc++";
				CLANG_ENABLE_MODULES = YES;
				CLANG_ENABLE_OBJC_ARC = YES;
				CLANG_ENABLE_OBJC_WEAK = YES;
				CLANG_WARN_BLOCK_CAPTURE_AUTORELEASING = YES;
				CLANG_WARN_BOOL_CONVERSION = YES;
				CLANG_WARN_COMMA = YES;
				CLANG_WARN_CONSTANT_CONVERSION = YES;
				CLANG_WARN_DEPRECATED_OBJC_IMPLEMENTATIONS = YES;
				CLANG_WARN_DIRECT_OBJC_ISA_USAGE = YES_ERROR;
				CLANG_WARN_DOCUMENTATION_COMMENTS = YES;
				CLANG_WARN_EMPTY_BODY = YES;
				CLANG_WARN_ENUM_CONVERSION = YES;
				CLANG_WARN_INFINITE_RECURSION = YES;
				CLANG_WARN_INT_CONVERSION = YES;
				CLANG_WARN_NON_LITERAL_NULL_CONVERSION = YES;
				CLANG_WARN_OBJC_IMPLICIT_RETAIN_SELF = YES;
				CLANG_WARN_OBJC_LITERAL_CONVERSION = YES;
				CLANG_WARN_OBJC_ROOT_CLASS = YES_ERROR;
				CLANG_WARN_QUOTED_INCLUDE_IN_FRAMEWORK_HEADER = YES;
				CLANG_WARN_RANGE_LOOP_ANALYSIS = YES;
				CLANG_WARN_STRICT_PROTOTYPES = YES;
				CLANG_WARN_SUSPICIOUS_MOVE = YES;
				CLANG_WARN_UNGUARDED_AVAILABILITY = YES_AGGRESSIVE;
				CLANG_WARN_UNREACHABLE_CODE = YES;
				CLANG_WARN__DUPLICATE_METHOD_MATCH = YES;
				COPY_PHASE_STRIP = NO;
				DEBUG_INFORMATION_FORMAT = dwarf;
				ENABLE_STRICT_OBJC_MSGSEND = YES;
				ENABLE_TESTABILITY = YES;
				GCC_C_LANGUAGE_STANDARD = gnu11;
				GCC_DYNAMIC_NO_PIC = NO;
				GCC_NO_COMMON_BLOCKS = YES;
				GCC_OPTIMIZATION_LEVEL = 0;
				GCC_PREPROCESSOR_DEFINITIONS = (
					"DEBUG=1",
					"$(inherited)",
				);
				GCC_WARN_64_TO_32_BIT_CONVERSION = YES;
				GCC_WARN_ABOUT_RETURN_TYPE = YES_ERROR;
				GCC_WARN_UNDECLARED_SELECTOR = YES;
				GCC_WARN_UNINITIALIZED_AUTOS = YES_AGGRESSIVE;
				GCC_WARN_UNUSED_FUNCTION = YES;
				GCC_WARN_UNUSED_VARIABLE = YES;
				MTL_ENABLE_DEBUG_INFO = INCLUDE_SOURCE;
				MTL_FAST_MATH = YES;
				ONLY_ACTIVE_ARCH = YES;
				PRODUCT_NAME = "$(TARGET_NAME)";
				SWIFT_ACTIVE_COMPILATION_CONDITIONS = DEBUG;
				SWIFT_OPTIMIZATION_LEVEL = "-Onone";
				SWIFT_VERSION = 5.0;
			};
			name = Debug;
		};
		1AE294B9A16AA82BB5590C9F /* Release */ = {
			isa = XCBuildConfiguration;
			buildSettings = {
				ASSETCATALOG_COMPILER_APPICON_NAME = AppIcon;
				ASSETCATALOG_COMPILER_GLOBAL_ACCENT_COLOR_NAME = AccentColor;
				CLANG_ENABLE_OBJC_WEAK = NO;
				CODE_SIGN_STYLE = Automatic;
				DEVELOPMENT_TEAM = 3Q7T5UM73P;
				INFOPLIST_FILE = AetherX/Info.plist;
				IPHONEOS_DEPLOYMENT_TARGET = 16.0;
				LD_RUNPATH_SEARCH_PATHS = "$(inherited) @executable_path/Frameworks";
				PRODUCT_BUNDLE_IDENTIFIER = com.leviidev.aetherx;
				PRODUCT_NAME = AetherX;
				PROVISIONING_PROFILE_SPECIFIER = "";
				SDKROOT = iphoneos;
				SWIFT_OBJC_BRIDGING_HEADER = "AetherX/AetherX-Bridging-Header.h";
				SWIFT_VERSION = 5.0;
				TARGETED_DEVICE_FAMILY = "1,2";
				VALIDATE_PRODUCT = YES;
			};
			name = Release;
		};
		93E4A7AF3585A7C8C4D9708E /* Release */ = {
			isa = XCBuildConfiguration;
			buildSettings = {
				ALWAYS_SEARCH_USER_PATHS = NO;
				CLANG_ANALYZER_NONNULL = YES;
				CLANG_ANALYZER_NUMBER_OBJECT_CONVERSION = YES_AGGRESSIVE;
				CLANG_CXX_LANGUAGE_STANDARD = "gnu++14";
				CLANG_CXX_LIBRARY = "libc++";
				CLANG_ENABLE_MODULES = YES;
				CLANG_ENABLE_OBJC_ARC = YES;
				CLANG_ENABLE_OBJC_WEAK = YES;
				CLANG_WARN_BLOCK_CAPTURE_AUTORELEASING = YES;
				CLANG_WARN_BOOL_CONVERSION = YES;
				CLANG_WARN_COMMA = YES;
				CLANG_WARN_CONSTANT_CONVERSION = YES;
				CLANG_WARN_DEPRECATED_OBJC_IMPLEMENTATIONS = YES;
				CLANG_WARN_DIRECT_OBJC_ISA_USAGE = YES_ERROR;
				CLANG_WARN_DOCUMENTATION_COMMENTS = YES;
				CLANG_WARN_EMPTY_BODY = YES;
				CLANG_WARN_ENUM_CONVERSION = YES;
				CLANG_WARN_INFINITE_RECURSION = YES;
				CLANG_WARN_INT_CONVERSION = YES;
				CLANG_WARN_NON_LITERAL_NULL_CONVERSION = YES;
				CLANG_WARN_OBJC_IMPLICIT_RETAIN_SELF = YES;
				CLANG_WARN_OBJC_LITERAL_CONVERSION = YES;
				CLANG_WARN_OBJC_ROOT_CLASS = YES_ERROR;
				CLANG_WARN_QUOTED_INCLUDE_IN_FRAMEWORK_HEADER = YES;
				CLANG_WARN_RANGE_LOOP_ANALYSIS = YES;
				CLANG_WARN_STRICT_PROTOTYPES = YES;
				CLANG_WARN_SUSPICIOUS_MOVE = YES;
				CLANG_WARN_UNGUARDED_AVAILABILITY = YES_AGGRESSIVE;
				CLANG_WARN_UNREACHABLE_CODE = YES;
				CLANG_WARN__DUPLICATE_METHOD_MATCH = YES;
				COPY_PHASE_STRIP = NO;
				DEBUG_INFORMATION_FORMAT = "dwarf-with-dsym";
				ENABLE_NS_ASSERTIONS = NO;
				ENABLE_STRICT_OBJC_MSGSEND = YES;
				GCC_C_LANGUAGE_STANDARD = gnu11;
				GCC_NO_COMMON_BLOCKS = YES;
				GCC_WARN_64_TO_32_BIT_CONVERSION = YES;
				GCC_WARN_ABOUT_RETURN_TYPE = YES_ERROR;
				GCC_WARN_UNDECLARED_SELECTOR = YES;
				GCC_WARN_UNINITIALIZED_AUTOS = YES_AGGRESSIVE;
				GCC_WARN_UNUSED_FUNCTION = YES;
				GCC_WARN_UNUSED_VARIABLE = YES;
				MTL_ENABLE_DEBUG_INFO = NO;
				MTL_FAST_MATH = YES;
				PRODUCT_NAME = "$(TARGET_NAME)";
				SWIFT_OPTIMIZATION_LEVEL = "-Owholemodule";
				SWIFT_VERSION = 5.0;
			};
			name = Release;
		};
		D84473902BAD5D0EC74E97B5 /* Debug */ = {
			isa = XCBuildConfiguration;
			buildSettings = {
				ASSETCATALOG_COMPILER_APPICON_NAME = AppIcon;
				ASSETCATALOG_COMPILER_GLOBAL_ACCENT_COLOR_NAME = AccentColor;
				CLANG_ENABLE_OBJC_WEAK = NO;
				CODE_SIGN_STYLE = Automatic;
				DEVELOPMENT_TEAM = 3Q7T5UM73P;
				INFOPLIST_FILE = AetherX/Info.plist;
				IPHONEOS_DEPLOYMENT_TARGET = 16.0;
				LD_RUNPATH_SEARCH_PATHS = "$(inherited) @executable_path/Frameworks";
				PRODUCT_BUNDLE_IDENTIFIER = com.leviidev.aetherx;
				PRODUCT_NAME = AetherX;
				PROVISIONING_PROFILE_SPECIFIER = "";
				SDKROOT = iphoneos;
				SWIFT_OBJC_BRIDGING_HEADER = "AetherX/AetherX-Bridging-Header.h";
				SWIFT_VERSION = 5.0;
				TARGETED_DEVICE_FAMILY = "1,2";
			};
			name = Debug;
		};
/* End XCBuildConfiguration section */

/* Begin XCConfigurationList section */
		DEA52ED8CBC9B4F3CAA5DD5E /* Build configuration list for PBXNativeTarget "AetherX" */ = {
			isa = XCConfigurationList;
			buildConfigurations = (
				1AE294B9A16AA82BB5590C9F /* Release */,
				D84473902BAD5D0EC74E97B5 /* Debug */,
			);
			defaultConfigurationIsVisible = 0;
			defaultConfigurationName = Release;
		};
		F1D768939A706401CEDF7A47 /* Build configuration list for PBXProject "AetherX" */ = {
			isa = XCConfigurationList;
			buildConfigurations = (
				078E6695543E976E9549F8FF /* Debug */,
				93E4A7AF3585A7C8C4D9708E /* Release */,
			);
			defaultConfigurationIsVisible = 0;
			defaultConfigurationName = Release;
		};
/* End XCConfigurationList section */
	};
	rootObject = A5D833FA12C3D06757FF580A /* Project object */;
}
